// !$*UTF8*$!
{
	archiveVersion = 1;
	classes = {
	};
	objectVersion = 46;
	objects = {

/* Begin PBXAggregateTarget section */
		47BD571C9A234196A8D3D576 /* ZERO_CHECK */ = {
			isa = PBXAggregateTarget;
			buildConfigurationList = B7B3C000416844158EEB59D0 /* Build configuration list for PBXAggregateTarget "ZERO_CHECK" */;
			buildPhases = (
				AA895CA3E8684485908761C2 /* CMake Rules */,
			);
			dependencies = (
			);
			name = ZERO_CHECK;
			productName = ZERO_CHECK;
		};
		FBC3630209F34E9A86024AA0 /* ALL_BUILD */ = {
			isa = PBXAggregateTarget;
			buildConfigurationList = 998D67461ED64A159A77C545 /* Build configuration list for PBXAggregateTarget "ALL_BUILD" */;
			buildPhases = (
				CD2C1607F3764596A816B756 /* CMake Rules */,
			);
			dependencies = (
				8B158F1D3D5C4E688464744A /* PBXTargetDependency */,
				4318AEAB5CD04F48B0BA193C /* PBXTargetDependency */,
			);
			name = ALL_BUILD;
			productName = ALL_BUILD;
		};
/* End PBXAggregateTarget section */

/* Begin PBXBuildFile section */
		16D27F3ABC2E4DDAAE9EC413 /* main.cpp in Sources */ = {isa = PBXBuildFile; fileRef = 0F2F360832C44AC7859E62D5 /* main.cpp */; settings = {COMPILER_FLAGS = ""; }; };
		57A6916C38414507AF94A297 /* leafnode.cpp in Sources */ = {isa = PBXBuildFile; fileRef = E289CC9C6AF74899AE485EF8 /* leafnode.cpp */; settings = {COMPILER_FLAGS = ""; }; };
		C482468B1C6E6E9F0050CEF7 /* huffmantree.cpp in Sources */ = {isa = PBXBuildFile; fileRef = C48246891C6E6E9F0050CEF7 /* huffmantree.cpp */; };
		EF903C5E83B74E29B89BD0D2 /* huffmanencoder.cpp in Sources */ = {isa = PBXBuildFile; fileRef = 4516497CC90E41A4A4BEC2DD /* huffmanencoder.cpp */; settings = {COMPILER_FLAGS = ""; }; };
/* End PBXBuildFile section */

/* Begin PBXContainerItemProxy section */
		249E5EE2AA5B4D3080D8F944 /* PBXContainerItemProxy */ = {
			isa = PBXContainerItemProxy;
			containerPortal = F1E982F22C0547679BA6ADC8 /* Project object */;
			proxyType = 1;
			remoteGlobalIDString = 9A686E1059594D7EA4B42F42;
			remoteInfo = huffman;
		};
		34FF37DA792243DB83425046 /* PBXContainerItemProxy */ = {
			isa = PBXContainerItemProxy;
			containerPortal = F1E982F22C0547679BA6ADC8 /* Project object */;
			proxyType = 1;
			remoteGlobalIDString = 47BD571C9A234196A8D3D576;
			remoteInfo = ZERO_CHECK;
		};
		C3F3E11B2A5C4C308745AD38 /* PBXContainerItemProxy */ = {
			isa = PBXContainerItemProxy;
			containerPortal = F1E982F22C0547679BA6ADC8 /* Project object */;
			proxyType = 1;
			remoteGlobalIDString = 47BD571C9A234196A8D3D576;
			remoteInfo = ZERO_CHECK;
		};
/* End PBXContainerItemProxy section */

/* Begin PBXFileReference section */
		0F2F360832C44AC7859E62D5 /* main.cpp */ = {isa = PBXFileReference; explicitFileType = sourcecode.cpp.cpp; fileEncoding = 4; name = main.cpp; path = src/main.cpp; sourceTree = SOURCE_ROOT; };
		16131EEBAD194BC7BD924B5A /* huffman */ = {isa = PBXFileReference; explicitFileType = "compiled.mach-o.executable"; path = huffman; sourceTree = BUILT_PRODUCTS_DIR; };
		20983F4A15DB4805B7D27242 /* CMakeLists.txt */ = {isa = PBXFileReference; explicitFileType = sourcecode.text; fileEncoding = 4; lastKnownFileType = text; path = CMakeLists.txt; sourceTree = SOURCE_ROOT; };
		2217F28484054BECB83C9BDB /* huffmanencoder.h */ = {isa = PBXFileReference; explicitFileType = sourcecode.c.h; fileEncoding = 4; name = huffmanencoder.h; path = src/huffmanencoder.h; sourceTree = SOURCE_ROOT; };
		4516497CC90E41A4A4BEC2DD /* huffmanencoder.cpp */ = {isa = PBXFileReference; explicitFileType = sourcecode.cpp.cpp; fileEncoding = 4; name = huffmanencoder.cpp; path = src/huffmanencoder.cpp; sourceTree = SOURCE_ROOT; };
		7629C2BC0C2747329D6A1D83 /* CMakeLists.txt */ = {isa = PBXFileReference; explicitFileType = sourcecode.text; fileEncoding = 4; lastKnownFileType = text; path = CMakeLists.txt; sourceTree = SOURCE_ROOT; };
		8632B0F5C24742E4AC7F1794 /* CMakeLists.txt */ = {isa = PBXFileReference; explicitFileType = sourcecode.text; fileEncoding = 4; lastKnownFileType = text; name = CMakeLists.txt; path = src/CMakeLists.txt; sourceTree = SOURCE_ROOT; };
		B3196FE931AF45BEAD8F0849 /* leafnode.h */ = {isa = PBXFileReference; explicitFileType = sourcecode.c.h; fileEncoding = 4; name = leafnode.h; path = src/leafnode.h; sourceTree = SOURCE_ROOT; };
		C48246891C6E6E9F0050CEF7 /* huffmantree.cpp */ = {isa = PBXFileReference; fileEncoding = 4; lastKnownFileType = sourcecode.cpp.cpp; name = huffmantree.cpp; path = src/huffmantree.cpp; sourceTree = "<group>"; };
		C482468A1C6E6E9F0050CEF7 /* huffmantree.h */ = {isa = PBXFileReference; fileEncoding = 4; lastKnownFileType = sourcecode.c.h; name = huffmantree.h; path = src/huffmantree.h; sourceTree = "<group>"; };
		E289CC9C6AF74899AE485EF8 /* leafnode.cpp */ = {isa = PBXFileReference; explicitFileType = sourcecode.cpp.cpp; fileEncoding = 4; name = leafnode.cpp; path = src/leafnode.cpp; sourceTree = SOURCE_ROOT; };
/* End PBXFileReference section */

/* Begin PBXGroup section */
		0BDBEA5BF0FD4E8788802443 /* CMake Rules */ = {
			isa = PBXGroup;
			children = (
			);
			name = "CMake Rules";
			sourceTree = "<group>";
		};
		16B21D0F8B514288B7C22035 /* Header Files */ = {
			isa = PBXGroup;
			children = (
				2217F28484054BECB83C9BDB /* huffmanencoder.h */,
				B3196FE931AF45BEAD8F0849 /* leafnode.h */,
				C48246891C6E6E9F0050CEF7 /* huffmantree.cpp */,
				C482468A1C6E6E9F0050CEF7 /* huffmantree.h */,
			);
			name = "Header Files";
			sourceTree = "<group>";
		};
		2D1DDC27065743848981EC17 /* ZERO_CHECK */ = {
			isa = PBXGroup;
			children = (
				0BDBEA5BF0FD4E8788802443 /* CMake Rules */,
				7629C2BC0C2747329D6A1D83 /* CMakeLists.txt */,
			);
			name = ZERO_CHECK;
			sourceTree = "<group>";
		};
		6A6929D1663043D39F3C8056 /* Source Files */ = {
			isa = PBXGroup;
			children = (
				4516497CC90E41A4A4BEC2DD /* huffmanencoder.cpp */,
				E289CC9C6AF74899AE485EF8 /* leafnode.cpp */,
				0F2F360832C44AC7859E62D5 /* main.cpp */,
			);
			name = "Source Files";
			sourceTree = "<group>";
		};
		98BD8A4F57564D0D8CB48446 /* CMake Rules */ = {
			isa = PBXGroup;
			children = (
			);
			name = "CMake Rules";
			sourceTree = "<group>";
		};
		AC1D94978C7D4C1CAD3415CE /* Products */ = {
			isa = PBXGroup;
			children = (
				16131EEBAD194BC7BD924B5A /* huffman */,
			);
			name = Products;
			sourceTree = "<group>";
		};
		BA9F4B2882004C3593D54CA8 /* huffman */ = {
			isa = PBXGroup;
			children = (
				16B21D0F8B514288B7C22035 /* Header Files */,
				6A6929D1663043D39F3C8056 /* Source Files */,
				8632B0F5C24742E4AC7F1794 /* CMakeLists.txt */,
			);
			name = huffman;
			sourceTree = "<group>";
		};
		DAC243C1A3744A64BD130DB3 /* Resources */ = {
			isa = PBXGroup;
			children = (
			);
			name = Resources;
			sourceTree = "<group>";
		};
		DB679A5CEB8C4A7EA52D5BE9 /* Sources */ = {
			isa = PBXGroup;
			children = (
				F054A69816A24314B9FEABBF /* ALL_BUILD */,
				2D1DDC27065743848981EC17 /* ZERO_CHECK */,
				BA9F4B2882004C3593D54CA8 /* huffman */,
			);
			name = Sources;
			sourceTree = "<group>";
		};
		F054A69816A24314B9FEABBF /* ALL_BUILD */ = {
			isa = PBXGroup;
			children = (
				98BD8A4F57564D0D8CB48446 /* CMake Rules */,
				20983F4A15DB4805B7D27242 /* CMakeLists.txt */,
			);
			name = ALL_BUILD;
			sourceTree = "<group>";
		};
		FFFBFDE93EFA474A8BDB2A4B = {
			isa = PBXGroup;
			children = (
				DB679A5CEB8C4A7EA52D5BE9 /* Sources */,
				DAC243C1A3744A64BD130DB3 /* Resources */,
				AC1D94978C7D4C1CAD3415CE /* Products */,
			);
			sourceTree = "<group>";
		};
/* End PBXGroup section */

/* Begin PBXNativeTarget section */
		9A686E1059594D7EA4B42F42 /* huffman */ = {
			isa = PBXNativeTarget;
			buildConfigurationList = AED20561F7D0420EB0C0A18E /* Build configuration list for PBXNativeTarget "huffman" */;
			buildPhases = (
				C90DEA17FA6244EC80A51B4E /* Sources */,
			);
			buildRules = (
			);
			dependencies = (
				2DCA633E32D5421E94D34230 /* PBXTargetDependency */,
			);
			name = huffman;
			productName = huffman;
			productReference = 16131EEBAD194BC7BD924B5A /* huffman */;
			productType = "com.apple.product-type.tool";
		};
/* End PBXNativeTarget section */

/* Begin PBXProject section */
		F1E982F22C0547679BA6ADC8 /* Project object */ = {
			isa = PBXProject;
			attributes = {
				BuildIndependentTargetsInParallel = YES;
			};
			buildConfigurationList = 0EFB4395C9184416868F9FC1 /* Build configuration list for PBXProject "huffmanEncoding" */;
			compatibilityVersion = "Xcode 3.2";
			developmentRegion = English;
			hasScannedForEncodings = 0;
			knownRegions = (
				en,
			);
			mainGroup = FFFBFDE93EFA474A8BDB2A4B;
			projectDirPath = ..;
			projectRoot = "";
			targets = (
				FBC3630209F34E9A86024AA0 /* ALL_BUILD */,
				47BD571C9A234196A8D3D576 /* ZERO_CHECK */,
				9A686E1059594D7EA4B42F42 /* huffman */,
			);
		};
/* End PBXProject section */

/* Begin PBXShellScriptBuildPhase section */
		AA895CA3E8684485908761C2 /* CMake Rules */ = {
			isa = PBXShellScriptBuildPhase;
			buildActionMask = 2147483647;
			files = (
			);
			name = "CMake Rules";
			runOnlyForDeploymentPostprocessing = 0;
			shellPath = /bin/sh;
			shellScript = "make -C /Users/albertoheras/Google\\ Drive/Spring\\ 2016/ECE435/HuffmanEncoding/huffman_alberto_heras/huffman/xcodeBuild -f /Users/albertoheras/Google\\ Drive/Spring\\ 2016/ECE435/HuffmanEncoding/huffman_alberto_heras/huffman/xcodeBuild/CMakeScripts/ZERO_CHECK_cmakeRulesBuildPhase.make$CONFIGURATION all";
			showEnvVarsInLog = 0;
		};
		CD2C1607F3764596A816B756 /* CMake Rules */ = {
			isa = PBXShellScriptBuildPhase;
			buildActionMask = 2147483647;
			files = (
			);
			name = "CMake Rules";
			runOnlyForDeploymentPostprocessing = 0;
			shellPath = /bin/sh;
			shellScript = "make -C /Users/albertoheras/Google\\ Drive/Spring\\ 2016/ECE435/HuffmanEncoding/huffman_alberto_heras/huffman/xcodeBuild -f /Users/albertoheras/Google\\ Drive/Spring\\ 2016/ECE435/HuffmanEncoding/huffman_alberto_heras/huffman/xcodeBuild/CMakeScripts/ALL_BUILD_cmakeRulesBuildPhase.make$CONFIGURATION all";
			showEnvVarsInLog = 0;
		};
/* End PBXShellScriptBuildPhase section */

/* Begin PBXSourcesBuildPhase section */
		C90DEA17FA6244EC80A51B4E /* Sources */ = {
			isa = PBXSourcesBuildPhase;
			buildActionMask = 2147483647;
			files = (
				EF903C5E83B74E29B89BD0D2 /* huffmanencoder.cpp in Sources */,
				C482468B1C6E6E9F0050CEF7 /* huffmantree.cpp in Sources */,
				57A6916C38414507AF94A297 /* leafnode.cpp in Sources */,
				16D27F3ABC2E4DDAAE9EC413 /* main.cpp in Sources */,
			);
			runOnlyForDeploymentPostprocessing = 0;
		};
/* End PBXSourcesBuildPhase section */

/* Begin PBXTargetDependency section */
		2DCA633E32D5421E94D34230 /* PBXTargetDependency */ = {
			isa = PBXTargetDependency;
			target = 47BD571C9A234196A8D3D576 /* ZERO_CHECK */;
			targetProxy = C3F3E11B2A5C4C308745AD38 /* PBXContainerItemProxy */;
		};
		4318AEAB5CD04F48B0BA193C /* PBXTargetDependency */ = {
			isa = PBXTargetDependency;
			target = 9A686E1059594D7EA4B42F42 /* huffman */;
			targetProxy = 249E5EE2AA5B4D3080D8F944 /* PBXContainerItemProxy */;
		};
		8B158F1D3D5C4E688464744A /* PBXTargetDependency */ = {
			isa = PBXTargetDependency;
			target = 47BD571C9A234196A8D3D576 /* ZERO_CHECK */;
			targetProxy = 34FF37DA792243DB83425046 /* PBXContainerItemProxy */;
		};
/* End PBXTargetDependency section */

/* Begin XCBuildConfiguration section */
		047CCA7C29374AE589F4E252 /* Release */ = {
			isa = XCBuildConfiguration;
			buildSettings = {
				ARCHS = "$(ARCHS_STANDARD_32_64_BIT)";
				ONLY_ACTIVE_ARCH = YES;
				SDKROOT = /Applications/Xcode.app/Contents/Developer/Platforms/MacOSX.platform/Developer/SDKs/MacOSX10.11.sdk;
				SYMROOT = "/Users/albertoheras/Google Drive/Spring 2016/ECE435/HuffmanEncoding/huffman_alberto_heras/huffman/xcodeBuild/build";
			};
			name = Release;
		};
		530A047E45B940EABE51B1E0 /* MinSizeRel */ = {
			isa = XCBuildConfiguration;
			buildSettings = {
				COMBINE_HIDPI_IMAGES = YES;
				EXECUTABLE_PREFIX = "";
				EXECUTABLE_SUFFIX = "";
				GCC_GENERATE_DEBUGGING_SYMBOLS = NO;
				GCC_INLINES_ARE_PRIVATE_EXTERN = NO;
				GCC_OPTIMIZATION_LEVEL = s;
				GCC_PREPROCESSOR_DEFINITIONS = "'CMAKE_INTDIR=\"$(CONFIGURATION)$(EFFECTIVE_PLATFORM_NAME)\"'";
				GCC_SYMBOLS_PRIVATE_EXTERN = NO;
				INSTALL_PATH = "";
				LIBRARY_SEARCH_PATHS = "";
				OTHER_CFLAGS = "    -DNDEBUG  ";
				OTHER_CPLUSPLUSFLAGS = "    -DNDEBUG  ";
				OTHER_LDFLAGS = (
					"-Wl,-search_paths_first",
					"-Wl,-headerpad_max_install_names",
				);
				OTHER_REZFLAGS = "";
				PRODUCT_NAME = huffman;
				SECTORDER_FLAGS = "";
				SYMROOT = "/Users/albertoheras/Google Drive/Spring 2016/ECE435/HuffmanEncoding/huffman_alberto_heras/huffman/xcodeBuild/src";
				USE_HEADERMAP = NO;
				WARNING_CFLAGS = (
					"-Wmost",
					"-Wno-four-char-constants",
					"-Wno-unknown-pragmas",
					"$(inherited)",
				);
			};
			name = MinSizeRel;
		};
		5AA452F97B5A401FBAE41453 /* RelWithDebInfo */ = {
			isa = XCBuildConfiguration;
			buildSettings = {
				COMBINE_HIDPI_IMAGES = YES;
				EXECUTABLE_PREFIX = "";
				EXECUTABLE_SUFFIX = "";
				GCC_GENERATE_DEBUGGING_SYMBOLS = YES;
				GCC_INLINES_ARE_PRIVATE_EXTERN = NO;
				GCC_OPTIMIZATION_LEVEL = 2;
				GCC_PREPROCESSOR_DEFINITIONS = "'CMAKE_INTDIR=\"$(CONFIGURATION)$(EFFECTIVE_PLATFORM_NAME)\"'";
				GCC_SYMBOLS_PRIVATE_EXTERN = NO;
				INSTALL_PATH = "";
				LIBRARY_SEARCH_PATHS = "";
				OTHER_CFLAGS = "       -DNDEBUG  ";
				OTHER_CPLUSPLUSFLAGS = "       -DNDEBUG  ";
				OTHER_LDFLAGS = (
					"-Wl,-search_paths_first",
					"-Wl,-headerpad_max_install_names",
				);
				OTHER_REZFLAGS = "";
				PRODUCT_NAME = huffman;
				SECTORDER_FLAGS = "";
				SYMROOT = "/Users/albertoheras/Google Drive/Spring 2016/ECE435/HuffmanEncoding/huffman_alberto_heras/huffman/xcodeBuild/src";
				USE_HEADERMAP = NO;
				WARNING_CFLAGS = (
					"-Wmost",
					"-Wno-four-char-constants",
					"-Wno-unknown-pragmas",
					"$(inherited)",
				);
			};
			name = RelWithDebInfo;
		};
		5F91F1BC14C34D7799954580 /* Release */ = {
			isa = XCBuildConfiguration;
			buildSettings = {
				COMBINE_HIDPI_IMAGES = YES;
				GCC_GENERATE_DEBUGGING_SYMBOLS = NO;
				GCC_INLINES_ARE_PRIVATE_EXTERN = NO;
				GCC_OPTIMIZATION_LEVEL = 0;
				GCC_PREPROCESSOR_DEFINITIONS = "'CMAKE_INTDIR=\"$(CONFIGURATION)$(EFFECTIVE_PLATFORM_NAME)\"'";
				GCC_SYMBOLS_PRIVATE_EXTERN = NO;
				INSTALL_PATH = "";
				OTHER_CFLAGS = "  ";
				OTHER_LDFLAGS = " ";
				OTHER_REZFLAGS = "";
				PRODUCT_NAME = ZERO_CHECK;
				SECTORDER_FLAGS = "";
				SYMROOT = "/Users/albertoheras/Google Drive/Spring 2016/ECE435/HuffmanEncoding/huffman_alberto_heras/huffman/xcodeBuild";
				USE_HEADERMAP = NO;
				WARNING_CFLAGS = (
					"-Wmost",
					"-Wno-four-char-constants",
					"-Wno-unknown-pragmas",
					"$(inherited)",
				);
			};
			name = Release;
		};
		6944C2A4587C47EFB7D00D08 /* RelWithDebInfo */ = {
			isa = XCBuildConfiguration;
			buildSettings = {
				COMBINE_HIDPI_IMAGES = YES;
				GCC_GENERATE_DEBUGGING_SYMBOLS = NO;
				GCC_INLINES_ARE_PRIVATE_EXTERN = NO;
				GCC_OPTIMIZATION_LEVEL = 0;
				GCC_PREPROCESSOR_DEFINITIONS = "'CMAKE_INTDIR=\"$(CONFIGURATION)$(EFFECTIVE_PLATFORM_NAME)\"'";
				GCC_SYMBOLS_PRIVATE_EXTERN = NO;
				INSTALL_PATH = "";
				OTHER_CFLAGS = "  ";
				OTHER_LDFLAGS = " ";
				OTHER_REZFLAGS = "";
				PRODUCT_NAME = ALL_BUILD;
				SECTORDER_FLAGS = "";
				SYMROOT = "/Users/albertoheras/Google Drive/Spring 2016/ECE435/HuffmanEncoding/huffman_alberto_heras/huffman/xcodeBuild";
				USE_HEADERMAP = NO;
				WARNING_CFLAGS = (
					"-Wmost",
					"-Wno-four-char-constants",
					"-Wno-unknown-pragmas",
					"$(inherited)",
				);
			};
			name = RelWithDebInfo;
		};
		749097785F9E4A4C96F3C6BB /* MinSizeRel */ = {
			isa = XCBuildConfiguration;
			buildSettings = {
				ARCHS = "$(ARCHS_STANDARD_32_64_BIT)";
				ONLY_ACTIVE_ARCH = YES;
				SDKROOT = /Applications/Xcode.app/Contents/Developer/Platforms/MacOSX.platform/Developer/SDKs/MacOSX10.11.sdk;
				SYMROOT = "/Users/albertoheras/Google Drive/Spring 2016/ECE435/HuffmanEncoding/huffman_alberto_heras/huffman/xcodeBuild/build";
			};
			name = MinSizeRel;
		};
		810FC73C20F74D6AAD347D3D /* RelWithDebInfo */ = {
			isa = XCBuildConfiguration;
			buildSettings = {
				ARCHS = "$(ARCHS_STANDARD_32_64_BIT)";
				ONLY_ACTIVE_ARCH = YES;
				SDKROOT = /Applications/Xcode.app/Contents/Developer/Platforms/MacOSX.platform/Developer/SDKs/MacOSX10.11.sdk;
				SYMROOT = "/Users/albertoheras/Google Drive/Spring 2016/ECE435/HuffmanEncoding/huffman_alberto_heras/huffman/xcodeBuild/build";
			};
			name = RelWithDebInfo;
		};
		901C61AE86CE4BE6A52644FC /* Debug */ = {
			isa = XCBuildConfiguration;
			buildSettings = {
				COMBINE_HIDPI_IMAGES = YES;
				GCC_GENERATE_DEBUGGING_SYMBOLS = NO;
				GCC_INLINES_ARE_PRIVATE_EXTERN = NO;
				GCC_OPTIMIZATION_LEVEL = 0;
				GCC_PREPROCESSOR_DEFINITIONS = "'CMAKE_INTDIR=\"$(CONFIGURATION)$(EFFECTIVE_PLATFORM_NAME)\"'";
				GCC_SYMBOLS_PRIVATE_EXTERN = NO;
				INSTALL_PATH = "";
				OTHER_CFLAGS = "  ";
				OTHER_LDFLAGS = " ";
				OTHER_REZFLAGS = "";
				PRODUCT_NAME = ZERO_CHECK;
				SECTORDER_FLAGS = "";
				SYMROOT = "/Users/albertoheras/Google Drive/Spring 2016/ECE435/HuffmanEncoding/huffman_alberto_heras/huffman/xcodeBuild";
				USE_HEADERMAP = NO;
				WARNING_CFLAGS = (
					"-Wmost",
					"-Wno-four-char-constants",
					"-Wno-unknown-pragmas",
					"$(inherited)",
				);
			};
			name = Debug;
		};
		98724852AEB0496480F9C5E4 /* MinSizeRel */ = {
			isa = XCBuildConfiguration;
			buildSettings = {
				COMBINE_HIDPI_IMAGES = YES;
				GCC_GENERATE_DEBUGGING_SYMBOLS = NO;
				GCC_INLINES_ARE_PRIVATE_EXTERN = NO;
				GCC_OPTIMIZATION_LEVEL = 0;
				GCC_PREPROCESSOR_DEFINITIONS = "'CMAKE_INTDIR=\"$(CONFIGURATION)$(EFFECTIVE_PLATFORM_NAME)\"'";
				GCC_SYMBOLS_PRIVATE_EXTERN = NO;
				INSTALL_PATH = "";
				OTHER_CFLAGS = "  ";
				OTHER_LDFLAGS = " ";
				OTHER_REZFLAGS = "";
				PRODUCT_NAME = ZERO_CHECK;
				SECTORDER_FLAGS = "";
				SYMROOT = "/Users/albertoheras/Google Drive/Spring 2016/ECE435/HuffmanEncoding/huffman_alberto_heras/huffman/xcodeBuild";
				USE_HEADERMAP = NO;
				WARNING_CFLAGS = (
					"-Wmost",
					"-Wno-four-char-constants",
					"-Wno-unknown-pragmas",
					"$(inherited)",
				);
			};
			name = MinSizeRel;
		};
		A18EBBBD7E784ABAAEAD701F /* RelWithDebInfo */ = {
			isa = XCBuildConfiguration;
			buildSettings = {
				COMBINE_HIDPI_IMAGES = YES;
				GCC_GENERATE_DEBUGGING_SYMBOLS = NO;
				GCC_INLINES_ARE_PRIVATE_EXTERN = NO;
				GCC_OPTIMIZATION_LEVEL = 0;
				GCC_PREPROCESSOR_DEFINITIONS = "'CMAKE_INTDIR=\"$(CONFIGURATION)$(EFFECTIVE_PLATFORM_NAME)\"'";
				GCC_SYMBOLS_PRIVATE_EXTERN = NO;
				INSTALL_PATH = "";
				OTHER_CFLAGS = "  ";
				OTHER_LDFLAGS = " ";
				OTHER_REZFLAGS = "";
				PRODUCT_NAME = ZERO_CHECK;
				SECTORDER_FLAGS = "";
				SYMROOT = "/Users/albertoheras/Google Drive/Spring 2016/ECE435/HuffmanEncoding/huffman_alberto_heras/huffman/xcodeBuild";
				USE_HEADERMAP = NO;
				WARNING_CFLAGS = (
					"-Wmost",
					"-Wno-four-char-constants",
					"-Wno-unknown-pragmas",
					"$(inherited)",
				);
			};
			name = RelWithDebInfo;
		};
		AAB5C13F0DBC4B988477D639 /* Debug */ = {
			isa = XCBuildConfiguration;
			buildSettings = {
				COMBINE_HIDPI_IMAGES = YES;
				EXECUTABLE_PREFIX = "";
				EXECUTABLE_SUFFIX = "";
				GCC_GENERATE_DEBUGGING_SYMBOLS = YES;
				GCC_INLINES_ARE_PRIVATE_EXTERN = NO;
				GCC_OPTIMIZATION_LEVEL = 0;
				GCC_PREPROCESSOR_DEFINITIONS = "'CMAKE_INTDIR=\"$(CONFIGURATION)$(EFFECTIVE_PLATFORM_NAME)\"'";
				GCC_SYMBOLS_PRIVATE_EXTERN = NO;
				INSTALL_PATH = "";
				LIBRARY_SEARCH_PATHS = "";
				OTHER_CFLAGS = "    ";
				OTHER_CPLUSPLUSFLAGS = "    ";
				OTHER_LDFLAGS = (
					"-Wl,-search_paths_first",
					"-Wl,-headerpad_max_install_names",
				);
				OTHER_REZFLAGS = "";
				PRODUCT_NAME = huffman;
				SECTORDER_FLAGS = "";
				SYMROOT = "/Users/albertoheras/Google Drive/Spring 2016/ECE435/HuffmanEncoding/huffman_alberto_heras/huffman/xcodeBuild/src";
				USE_HEADERMAP = NO;
				WARNING_CFLAGS = (
					"-Wmost",
					"-Wno-four-char-constants",
					"-Wno-unknown-pragmas",
					"$(inherited)",
				);
			};
			name = Debug;
		};
		B7F3FF02EA2A489ABE033E23 /* Release */ = {
			isa = XCBuildConfiguration;
			buildSettings = {
				COMBINE_HIDPI_IMAGES = YES;
				EXECUTABLE_PREFIX = "";
				EXECUTABLE_SUFFIX = "";
				GCC_GENERATE_DEBUGGING_SYMBOLS = NO;
				GCC_INLINES_ARE_PRIVATE_EXTERN = NO;
				GCC_OPTIMIZATION_LEVEL = 3;
				GCC_PREPROCESSOR_DEFINITIONS = "'CMAKE_INTDIR=\"$(CONFIGURATION)$(EFFECTIVE_PLATFORM_NAME)\"'";
				GCC_SYMBOLS_PRIVATE_EXTERN = NO;
				INSTALL_PATH = "";
				LIBRARY_SEARCH_PATHS = "";
				OTHER_CFLAGS = "    -DNDEBUG  ";
				OTHER_CPLUSPLUSFLAGS = "    -DNDEBUG  ";
				OTHER_LDFLAGS = (
					"-Wl,-search_paths_first",
					"-Wl,-headerpad_max_install_names",
				);
				OTHER_REZFLAGS = "";
				PRODUCT_NAME = huffman;
				SECTORDER_FLAGS = "";
				SYMROOT = "/Users/albertoheras/Google Drive/Spring 2016/ECE435/HuffmanEncoding/huffman_alberto_heras/huffman/xcodeBuild/src";
				USE_HEADERMAP = NO;
				WARNING_CFLAGS = (
					"-Wmost",
					"-Wno-four-char-constants",
					"-Wno-unknown-pragmas",
					"$(inherited)",
				);
			};
			name = Release;
		};
		C7DE9DA0D5474C78A6BB7951 /* Debug */ = {
			isa = XCBuildConfiguration;
			buildSettings = {
				ARCHS = "$(ARCHS_STANDARD_32_64_BIT)";
				ONLY_ACTIVE_ARCH = YES;
				SDKROOT = /Applications/Xcode.app/Contents/Developer/Platforms/MacOSX.platform/Developer/SDKs/MacOSX10.11.sdk;
				SYMROOT = "/Users/albertoheras/Google Drive/Spring 2016/ECE435/HuffmanEncoding/huffman_alberto_heras/huffman/xcodeBuild/build";
			};
			name = Debug;
		};
		D4FDDCF61F084B2789E8C13A /* Debug */ = {
			isa = XCBuildConfiguration;
			buildSettings = {
				COMBINE_HIDPI_IMAGES = YES;
				GCC_GENERATE_DEBUGGING_SYMBOLS = NO;
				GCC_INLINES_ARE_PRIVATE_EXTERN = NO;
				GCC_OPTIMIZATION_LEVEL = 0;
				GCC_PREPROCESSOR_DEFINITIONS = "'CMAKE_INTDIR=\"$(CONFIGURATION)$(EFFECTIVE_PLATFORM_NAME)\"'";
				GCC_SYMBOLS_PRIVATE_EXTERN = NO;
				INSTALL_PATH = "";
				OTHER_CFLAGS = "  ";
				OTHER_LDFLAGS = " ";
				OTHER_REZFLAGS = "";
				PRODUCT_NAME = ALL_BUILD;
				SECTORDER_FLAGS = "";
				SYMROOT = "/Users/albertoheras/Google Drive/Spring 2016/ECE435/HuffmanEncoding/huffman_alberto_heras/huffman/xcodeBuild";
				USE_HEADERMAP = NO;
				WARNING_CFLAGS = (
					"-Wmost",
					"-Wno-four-char-constants",
					"-Wno-unknown-pragmas",
					"$(inherited)",
				);
			};
			name = Debug;
		};
		DC66F4001DFC4554AE72F9D4 /* MinSizeRel */ = {
			isa = XCBuildConfiguration;
			buildSettings = {
				COMBINE_HIDPI_IMAGES = YES;
				GCC_GENERATE_DEBUGGING_SYMBOLS = NO;
				GCC_INLINES_ARE_PRIVATE_EXTERN = NO;
				GCC_OPTIMIZATION_LEVEL = 0;
				GCC_PREPROCESSOR_DEFINITIONS = "'CMAKE_INTDIR=\"$(CONFIGURATION)$(EFFECTIVE_PLATFORM_NAME)\"'";
				GCC_SYMBOLS_PRIVATE_EXTERN = NO;
				INSTALL_PATH = "";
				OTHER_CFLAGS = "  ";
				OTHER_LDFLAGS = " ";
				OTHER_REZFLAGS = "";
				PRODUCT_NAME = ALL_BUILD;
				SECTORDER_FLAGS = "";
				SYMROOT = "/Users/albertoheras/Google Drive/Spring 2016/ECE435/HuffmanEncoding/huffman_alberto_heras/huffman/xcodeBuild";
				USE_HEADERMAP = NO;
				WARNING_CFLAGS = (
					"-Wmost",
					"-Wno-four-char-constants",
					"-Wno-unknown-pragmas",
					"$(inherited)",
				);
			};
			name = MinSizeRel;
		};
		FCB64EC5CF3A4B37A16923E6 /* Release */ = {
			isa = XCBuildConfiguration;
			buildSettings = {
				COMBINE_HIDPI_IMAGES = YES;
				GCC_GENERATE_DEBUGGING_SYMBOLS = NO;
				GCC_INLINES_ARE_PRIVATE_EXTERN = NO;
				GCC_OPTIMIZATION_LEVEL = 0;
				GCC_PREPROCESSOR_DEFINITIONS = "'CMAKE_INTDIR=\"$(CONFIGURATION)$(EFFECTIVE_PLATFORM_NAME)\"'";
				GCC_SYMBOLS_PRIVATE_EXTERN = NO;
				INSTALL_PATH = "";
				OTHER_CFLAGS = "  ";
				OTHER_LDFLAGS = " ";
				OTHER_REZFLAGS = "";
				PRODUCT_NAME = ALL_BUILD;
				SECTORDER_FLAGS = "";
				SYMROOT = "/Users/albertoheras/Google Drive/Spring 2016/ECE435/HuffmanEncoding/huffman_alberto_heras/huffman/xcodeBuild";
				USE_HEADERMAP = NO;
				WARNING_CFLAGS = (
					"-Wmost",
					"-Wno-four-char-constants",
					"-Wno-unknown-pragmas",
					"$(inherited)",
				);
			};
			name = Release;
		};
/* End XCBuildConfiguration section */

/* Begin XCConfigurationList section */
		0EFB4395C9184416868F9FC1 /* Build configuration list for PBXProject "huffmanEncoding" */ = {
			isa = XCConfigurationList;
			buildConfigurations = (
				C7DE9DA0D5474C78A6BB7951 /* Debug */,
				047CCA7C29374AE589F4E252 /* Release */,
				749097785F9E4A4C96F3C6BB /* MinSizeRel */,
				810FC73C20F74D6AAD347D3D /* RelWithDebInfo */,
			);
			defaultConfigurationIsVisible = 0;
			defaultConfigurationName = Debug;
		};
		998D67461ED64A159A77C545 /* Build configuration list for PBXAggregateTarget "ALL_BUILD" */ = {
			isa = XCConfigurationList;
			buildConfigurations = (
				D4FDDCF61F084B2789E8C13A /* Debug */,
				FCB64EC5CF3A4B37A16923E6 /* Release */,
				DC66F4001DFC4554AE72F9D4 /* MinSizeRel */,
				6944C2A4587C47EFB7D00D08 /* RelWithDebInfo */,
			);
			defaultConfigurationIsVisible = 0;
			defaultConfigurationName = Debug;
		};
		AED20561F7D0420EB0C0A18E /* Build configuration list for PBXNativeTarget "huffman" */ = {
			isa = XCConfigurationList;
			buildConfigurations = (
				AAB5C13F0DBC4B988477D639 /* Debug */,
				B7F3FF02EA2A489ABE033E23 /* Release */,
				530A047E45B940EABE51B1E0 /* MinSizeRel */,
				5AA452F97B5A401FBAE41453 /* RelWithDebInfo */,
			);
			defaultConfigurationIsVisible = 0;
			defaultConfigurationName = Debug;
		};
		B7B3C000416844158EEB59D0 /* Build configuration list for PBXAggregateTarget "ZERO_CHECK" */ = {
			isa = XCConfigurationList;
			buildConfigurations = (
				901C61AE86CE4BE6A52644FC /* Debug */,
				5F91F1BC14C34D7799954580 /* Release */,
				98724852AEB0496480F9C5E4 /* MinSizeRel */,
				A18EBBBD7E784ABAAEAD701F /* RelWithDebInfo */,
			);
			defaultConfigurationIsVisible = 0;
			defaultConfigurationName = Debug;
		};
/* End XCConfigurationList section */
	};
	rootObject = F1E982F22C0547679BA6ADC8 /* Project object */;
}
